
Microsoft Visual Studio Solution File, Format Version 12.00
# Visual Studio Version 16
VisualStudioVersion = 16.0.31005.135
MinimumVisualStudioVersion = 10.0.40219.1
Project("{FAE04EC0-301F-11D3-BF4B-00C04F79EFBC}") = "RefArk.Car", "RefArk.Car.csproj", "{63F85F7C-8181-4A55-BC69-25310EA52EBF}"
EndProject
Global
	GlobalSection(SolutionConfigurationPlatforms) = preSolution
		Debug|Any CPU = Debug|Any CPU
		Release|Any CPU = Release|Any CPU
	EndGlobalSection
	GlobalSection(ProjectConfigurationPlatforms) = postSolution
		{63F85F7C-8181-4A55-BC69-25310EA52EBF}.Debug|Any CPU.ActiveCfg = Debug|Any CPU
		{63F85F7C-8181-4A55-BC69-25310EA52EBF}.Debug|Any CPU.Build.0 = Debug|Any CPU
		{63F85F7C-8181-4A55-BC69-25310EA52EBF}.Release|Any CPU.ActiveCfg = Release|Any CPU
		{63F85F7C-8181-4A55-BC69-25310EA52EBF}.Release|Any CPU.Build.0 = Release|Any CPU
	EndGlobalSection
	GlobalSection(SolutionProperties) = preSolution
		HideSolutionNode = FALSE
	EndGlobalSection
	GlobalSection(ExtensibilityGlobals) = postSolution
		SolutionGuid = {95C070BA-D116-462A-AA5D-213EE6889514}
	EndGlobalSection
EndGlobal
